
Microsoft Visual Studio Solution File, Format Version 12.00
# Visual Studio Version 17
VisualStudioVersion = 17.4.33110.190
MinimumVisualStudioVersion = 10.0.40219.1
Project("{FAE04EC0-301F-11D3-BF4B-00C04F79EFBC}") = "PateintDetail", "PateintDetail\PateintDetail.csproj", "{77422A46-98D3-43E5-84BB-4F0B160E1747}"
EndProject
Global
	GlobalSection(SolutionConfigurationPlatforms) = preSolution
		Debug|Any CPU = Debug|Any CPU
		Release|Any CPU = Release|Any CPU
	EndGlobalSection
	GlobalSection(ProjectConfigurationPlatforms) = postSolution
		{77422A46-98D3-43E5-84BB-4F0B160E1747}.Debug|Any CPU.ActiveCfg = Debug|Any CPU
		{77422A46-98D3-43E5-84BB-4F0B160E1747}.Debug|Any CPU.Build.0 = Debug|Any CPU
		{77422A46-98D3-43E5-84BB-4F0B160E1747}.Release|Any CPU.ActiveCfg = Release|Any CPU
		{77422A46-98D3-43E5-84BB-4F0B160E1747}.Release|Any CPU.Build.0 = Release|Any CPU
	EndGlobalSection
	GlobalSection(SolutionProperties) = preSolution
		HideSolutionNode = FALSE
	EndGlobalSection
	GlobalSection(ExtensibilityGlobals) = postSolution
		SolutionGuid = {21D7EB78-35EC-43EF-9C2B-B4B9B086D6B5}
	EndGlobalSection
EndGlobal
